<?xml version="1.0" encoding="utf-8"?>
<Project ToolsVersion="4.0" xmlns="http://schemas.microsoft.com/developer/msbuild/2003">
  <ItemGroup>
    <Filter Include="Source Files">
      <UniqueIdentifier>{4FC737F1-C7A5-4376-A066-2A32D752A2FF}</UniqueIdentifier>
      <Extensions>cpp;c;cc;cxx;def;odl;idl;hpj;bat;asm;asmx</Extensions>
    </Filter>
    <Filter Include="Header Files">
      <UniqueIdentifier>{93995380-89BD-4b04-88EB-625FBE52EBFB}</UniqueIdentifier>
      <Extensions>h;hh;hpp;hxx;hm;inl;inc;xsd</Extensions>
    </Filter>
    <Filter Include="Resource Files">
      <UniqueIdentifier>{67DA6AB6-F800-4c08-8B7A-83BB121AAD01}</UniqueIdentifier>
      <Extensions>rc;ico;cur;bmp;dlg;rc2;rct;bin;rgs;gif;jpg;jpeg;jpe;resx;tiff;tif;png;wav;mfcribbon-ms</Extensions>
    </Filter>
    <Filter Include="Source Files\Core">
      <UniqueIdentifier>{24fee7aa-d333-408e-997c-4c48538158da}</UniqueIdentifier>
    </Filter>
    <Filter Include="Source Files\Utility">
      <UniqueIdentifier>{c43d331d-892a-4174-b30c-7ab2545a6327}</UniqueIdentifier>
    </Filter>
    <Filter Include="Source Files\Utility\Allocator">
      <UniqueIdentifier>{72ebaeb7-9f58-47ed-b886-ac0829baf588}</UniqueIdentifier>
    </Filter>
    <Filter Include="Source Files\Core\Audio">
      <UniqueIdentifier>{c41643b7-02f7-420e-800b-21654de12249}</UniqueIdentifier>
    </Filter>
    <Filter Include="Source Files\Core\Input">
      <UniqueIdentifier>{2c33046d-a63f-4cbf-9472-258fde4ceb56}</UniqueIdentifier>
    </Filter>
    <Filter Include="Source Files\Core\Component">
      <UniqueIdentifier>{60356789-59d7-4a1a-866d-4f0c4545338c}</UniqueIdentifier>
    </Filter>
    <Filter Include="Source Files\Core\2D">
      <UniqueIdentifier>{2164a876-ca71-41c6-bf88-b22a5d0734b4}</UniqueIdentifier>
    </Filter>
    <Filter Include="Source Files\Core\Text">
      <UniqueIdentifier>{241c6cc5-380d-47c7-bbfa-7e1b2b48af62}</UniqueIdentifier>
    </Filter>
    <Filter Include="Source Files\Core\Resources">
      <UniqueIdentifier>{ba7f66d6-ba63-4cc7-a09f-449d55162cb4}</UniqueIdentifier>
    </Filter>
    <Filter Include="Source Files\Core\RenderAPI">
      <UniqueIdentifier>{58211f9a-c2b3-461a-9141-5a4c62c9eecf}</UniqueIdentifier>
    </Filter>
    <Filter Include="Source Files\Core\Renderer">
      <UniqueIdentifier>{abac7786-10dc-4074-9f25-c23f9e23695a}</UniqueIdentifier>
    </Filter>
    <Filter Include="Header Files\Core">
      <UniqueIdentifier>{360d4321-89d9-4eb6-afe8-dff01b4506a5}</UniqueIdentifier>
    </Filter>
    <Filter Include="Header Files\Core\Audio">
      <UniqueIdentifier>{63c61410-6294-4b7f-84a6-7f0f5964dff0}</UniqueIdentifier>
    </Filter>
    <Filter Include="Header Files\Core\Input">
      <UniqueIdentifier>{ae9f604e-8b00-49a7-82b0-1c50dee4efaf}</UniqueIdentifier>
    </Filter>
    <Filter Include="Header Files\Core\Renderer">
      <UniqueIdentifier>{5886a685-b54a-4cb3-ba65-bb8466482e8b}</UniqueIdentifier>
    </Filter>
    <Filter Include="Header Files\Core\RenderAPI">
      <UniqueIdentifier>{7fbc8d22-66d4-4805-82f2-4999ea070503}</UniqueIdentifier>
    </Filter>
    <Filter Include="Header Files\Core\Resources">
      <UniqueIdentifier>{1aa42362-5ce4-4660-8029-b2ec3f3033c7}</UniqueIdentifier>
    </Filter>
    <Filter Include="Header Files\Core\Text">
      <UniqueIdentifier>{7ba5a514-b41e-453c-8060-589790ec2419}</UniqueIdentifier>
    </Filter>
    <Filter Include="Header Files\Core\2D">
      <UniqueIdentifier>{7412d337-81ae-4dca-9225-fce6c6c8e317}</UniqueIdentifier>
    </Filter>
    <Filter Include="Header Files\Core\Component">
      <UniqueIdentifier>{58462e4c-48a0-40d1-b365-35457f43ce02}</UniqueIdentifier>
    </Filter>
    <Filter Include="Header Files\Utility">
      <UniqueIdentifier>{854cbe68-c95c-4868-98ab-416fb5f5fa12}</UniqueIdentifier>
    </Filter>
    <Filter Include="Header Files\Utility\Allocator">
      <UniqueIdentifier>{18196b40-2887-45ea-aa9a-ec9962b1ebff}</UniqueIdentifier>
    </Filter>
    <Filter Include="Header Files\Utility\Error">
      <UniqueIdentifier>{366f91f9-7988-4d7e-b5bb-a0c32927a42c}</UniqueIdentifier>
    </Filter>
    <Filter Include="Header Files\Utility\Util">
      <UniqueIdentifier>{d4c4b208-18b6-4b86-9811-bc06923f0399}</UniqueIdentifier>
    </Filter>
    <Filter Include="Header Files\Utility\String">
      <UniqueIdentifier>{baa33827-28f2-4056-9e25-059d8844ff69}</UniqueIdentifier>
    </Filter>
    <Filter Include="Header Files\App">
      <UniqueIdentifier>{08a04a40-70d7-4bce-8f26-498ede0a4d1f}</UniqueIdentifier>
    </Filter>
    <Filter Include="Source Files\App">
      <UniqueIdentifier>{16c23b85-2128-41bc-81b0-e6eb5f6c5944}</UniqueIdentifier>
    </Filter>
    <Filter Include="Header Files\Utility\Log">
      <UniqueIdentifier>{1fd22b89-6f7c-4eb4-8979-ff509c0ec9a8}</UniqueIdentifier>
    </Filter>
    <Filter Include="Source Files\Utility\String">
      <UniqueIdentifier>{18ae20c6-ba4b-4414-bf48-0c3e30f309eb}</UniqueIdentifier>
    </Filter>
    <Filter Include="Source Files\Utility\Util">
      <UniqueIdentifier>{627cb71f-496a-4636-953e-34746c5be6c7}</UniqueIdentifier>
    </Filter>
    <Filter Include="Header Files\Utility\Prerequistes">
      <UniqueIdentifier>{ecfc6c4a-76be-45a6-8fdb-aae4061a3851}</UniqueIdentifier>
    </Filter>
    <Filter Include="Header Files\Utility\Threading">
      <UniqueIdentifier>{7c9c0978-666f-4e01-9137-f587be3f1eed}</UniqueIdentifier>
    </Filter>
    <Filter Include="Source Files\Utility\Lib">
      <UniqueIdentifier>{4b19e231-5dd6-4796-ad9f-596d9229ae21}</UniqueIdentifier>
    </Filter>
    <Filter Include="Header Files\Utility\Lib">
      <UniqueIdentifier>{24179533-0b8a-48cf-b916-6e3712aa31ab}</UniqueIdentifier>
    </Filter>
    <Filter Include="Header Files\Core\Event">
      <UniqueIdentifier>{8400094d-65f6-4d03-81ba-a335df91a133}</UniqueIdentifier>
    </Filter>
    <Filter Include="Source Files\Core\Event">
      <UniqueIdentifier>{f60b36dd-acc6-4900-ae0e-4b5f91497507}</UniqueIdentifier>
    </Filter>
    <Filter Include="Header Files\Utility\Task">
      <UniqueIdentifier>{5e470e50-76e1-4d0e-b344-3a00d833c549}</UniqueIdentifier>
    </Filter>
    <Filter Include="Source Files\Utility\Task">
      <UniqueIdentifier>{70e53dda-b27e-480c-8701-4c298cef77f3}</UniqueIdentifier>
    </Filter>
    <Filter Include="Source Files\Utility\Console">
      <UniqueIdentifier>{9bd61a1f-38d2-4566-99bf-59bd1c54e532}</UniqueIdentifier>
    </Filter>
    <Filter Include="Header Files\Utility\Console">
      <UniqueIdentifier>{0bf0a6ac-9d9c-4868-aca2-25b5f13681f4}</UniqueIdentifier>
    </Filter>
    <Filter Include="Header Files\Core\Renderer\Model">
      <UniqueIdentifier>{39d01d1b-5fbd-4898-8dd9-ca8754895f9b}</UniqueIdentifier>
    </Filter>
    <Filter Include="Header Files\Core\Renderer\Scene">
      <UniqueIdentifier>{16720fd5-3d66-4f7d-9630-c1c675f30005}</UniqueIdentifier>
    </Filter>
    <Filter Include="Source Files\Core\Renderer\Scene">
      <UniqueIdentifier>{550bd949-c8d3-4262-ab6b-ce49af9a8ae2}</UniqueIdentifier>
    </Filter>
    <Filter Include="Source Files\Core\Renderer\Model">
      <UniqueIdentifier>{f604778b-ed4b-4641-ad23-df9c917b9481}</UniqueIdentifier>
    </Filter>
    <Filter Include="Source Files\Core\Renderer\Light">
      <UniqueIdentifier>{360ff5a9-ac42-4763-9c1e-84bf1b953f89}</UniqueIdentifier>
    </Filter>
    <Filter Include="Source Files\Core\Renderer\Camera">
      <UniqueIdentifier>{f778cd68-3908-404c-9262-3a3d590445a8}</UniqueIdentifier>
    </Filter>
    <Filter Include="Header Files\Core\Renderer\Light">
      <UniqueIdentifier>{1e3d1b1d-6c0d-4777-81f9-4a82acd34d1f}</UniqueIdentifier>
    </Filter>
    <Filter Include="Header Files\Core\Renderer\Camera">
      <UniqueIdentifier>{331ff870-751d-4516-807a-d49bceda3905}</UniqueIdentifier>
    </Filter>
    <Filter Include="Header Files\Core\GUI">
      <UniqueIdentifier>{432a402e-5f64-4062-9d89-174ce1b96a5f}</UniqueIdentifier>
    </Filter>
    <Filter Include="Source Files\Core\GUI">
      <UniqueIdentifier>{bfab32f9-5b42-4634-a575-071e9fdde5d9}</UniqueIdentifier>
    </Filter>
    <Filter Include="Header Files\Core\Renderer\Material">
      <UniqueIdentifier>{3fdeb48d-e34a-4887-a6d5-ca3531562fca}</UniqueIdentifier>
    </Filter>
    <Filter Include="Source Files\Core\Renderer\Material">
      <UniqueIdentifier>{a81568c3-5f44-457a-8b99-6d009f745468}</UniqueIdentifier>
    </Filter>
    <Filter Include="Data">
      <UniqueIdentifier>{907c02f9-abd9-484d-8f78-9ba5ee4259ec}</UniqueIdentifier>
    </Filter>
    <Filter Include="Data\Config">
      <UniqueIdentifier>{e701a9cd-8209-4a78-b141-8bdb6a07ed4b}</UniqueIdentifier>
    </Filter>
    <Filter Include="Data\Scene">
      <UniqueIdentifier>{588f8fe8-e325-4bfb-b4f7-bfd0b661d1f2}</UniqueIdentifier>
    </Filter>
    <Filter Include="Data\Shader">
      <UniqueIdentifier>{6a3e0b8e-3c6e-4b94-a9e6-caf6dbde680c}</UniqueIdentifier>
    </Filter>
    <Filter Include="Data\Shader\Color">
      <UniqueIdentifier>{2985c837-d99f-48e0-ac58-7300e4ed38e7}</UniqueIdentifier>
    </Filter>
    <Filter Include="Header Files\App\Material">
      <UniqueIdentifier>{37fc9ebc-bcb6-4067-bd7a-ac71fea17158}</UniqueIdentifier>
    </Filter>
    <Filter Include="Header Files\App\Model">
      <UniqueIdentifier>{5e864f15-024e-40b9-ac11-9796dd043b54}</UniqueIdentifier>
    </Filter>
    <Filter Include="Source Files\App\Material">
      <UniqueIdentifier>{4ee4eb12-9db8-4653-8d7c-36eed6c4804f}</UniqueIdentifier>
    </Filter>
    <Filter Include="Source Files\App\Model">
      <UniqueIdentifier>{9df28da1-abc8-4bac-9fd9-b1910c175296}</UniqueIdentifier>
    </Filter>
    <Filter Include="Header Files\Utility\Math">
      <UniqueIdentifier>{89f6a1c5-357a-4f31-9575-aa3fe235e03b}</UniqueIdentifier>
    </Filter>
    <Filter Include="Source Files\Utility\Math">
      <UniqueIdentifier>{16f66005-21e7-45b7-9c4e-b7dbcdec84b2}</UniqueIdentifier>
    </Filter>
    <Filter Include="Data\Shader\Color\Include">
      <UniqueIdentifier>{bd4689cd-70b6-4e44-be8a-3490e99a30ef}</UniqueIdentifier>
    </Filter>
    <Filter Include="Data\Shader\Include">
      <UniqueIdentifier>{35098237-1e46-4c0b-8e72-96cb6e1dc6c8}</UniqueIdentifier>
    </Filter>
    <Filter Include="Header Files\Core\Renderer\Camera\Orthographic">
      <UniqueIdentifier>{c882a51c-0c13-4477-86c4-72eb5e2fbe74}</UniqueIdentifier>
    </Filter>
    <Filter Include="Source Files\Core\Renderer\Camera\Orthographic">
      <UniqueIdentifier>{8761ad6c-678e-42ec-9a84-13e6681b380e}</UniqueIdentifier>
    </Filter>
    <Filter Include="Source Files\App\Model\Primitive">
      <UniqueIdentifier>{6d0ceb66-5326-4222-a0d5-2cd53fcc0e7b}</UniqueIdentifier>
    </Filter>
    <Filter Include="Source Files\App\Model\City">
      <UniqueIdentifier>{921d81c3-5fe0-4f74-bfae-6d3185036be0}</UniqueIdentifier>
    </Filter>
    <Filter Include="Source Files\App\Material\City">
      <UniqueIdentifier>{07aae936-2220-478e-ac0b-2ca25b882f1b}</UniqueIdentifier>
    </Filter>
    <Filter Include="Header Files\App\Material\City">
      <UniqueIdentifier>{f9b1fef8-b526-4be1-9b21-f502c8114277}</UniqueIdentifier>
    </Filter>
    <Filter Include="Header Files\App\Model\Primitive">
      <UniqueIdentifier>{c1428fc7-b068-4a74-b375-aace967a489b}</UniqueIdentifier>
    </Filter>
    <Filter Include="Header Files\App\Model\City">
      <UniqueIdentifier>{b77d8edf-ea1c-46e2-9cef-88a3ed065812}</UniqueIdentifier>
    </Filter>
    <Filter Include="Header Files\Core\Renderer\Light\Model">
      <UniqueIdentifier>{9b7aefb3-020a-45f0-ae02-1618faa4095f}</UniqueIdentifier>
    </Filter>
    <Filter Include="Source Files\Core\Renderer\Light\Model">
      <UniqueIdentifier>{cea553ef-a24f-4893-bc27-ea3e1fbc4d31}</UniqueIdentifier>
    </Filter>
    <Filter Include="Header Files\Core\Util">
      <UniqueIdentifier>{af256c49-45a3-4060-8517-bb22e90b0736}</UniqueIdentifier>
    </Filter>
    <Filter Include="Source Files\Core\Color">
      <UniqueIdentifier>{02080b27-8314-4f96-9048-9f8d362fa269}</UniqueIdentifier>
    </Filter>
    <Filter Include="Header Files\Core\Renderer\RenderPipeline">
      <UniqueIdentifier>{5e0027e8-0964-4a75-b22c-cdfd43065b4f}</UniqueIdentifier>
    </Filter>
    <Filter Include="Source Files\Core\Renderer\RenderPipeline">
      <UniqueIdentifier>{44ef2757-10d5-4b21-b1e6-9e63a09d38c5}</UniqueIdentifier>
    </Filter>
    <Filter Include="Header Files\Core\Renderer\Camera\Handler">
      <UniqueIdentifier>{a37c390f-4d7e-4b1f-b8f5-d8f8627cf080}</UniqueIdentifier>
    </Filter>
    <Filter Include="Source Files\Core\Renderer\Camera\Handler">
      <UniqueIdentifier>{4d54fbf0-1cb0-4f7f-aa08-725666b0beea}</UniqueIdentifier>
    </Filter>
    <Filter Include="Header Files\Core\Renderer\Camera\Perspective">
      <UniqueIdentifier>{e2d32427-7dcd-40c6-be11-57a24d2d002c}</UniqueIdentifier>
    </Filter>
    <Filter Include="Source Files\Core\Renderer\Camera\Perspective">
      <UniqueIdentifier>{3d0e6062-76cd-4038-ab36-35e07a5a45f0}</UniqueIdentifier>
    </Filter>
  </ItemGroup>
  <ItemGroup>
    <ClCompile Include="Timer.cpp">
      <Filter>Source Files\Utility\Util</Filter>
    </ClCompile>
    <ClCompile Include="String.cpp">
      <Filter>Source Files\Utility\String</Filter>
    </ClCompile>
    <ClCompile Include="BasicAllocator.cpp">
      <Filter>Source Files\Utility\Allocator</Filter>
    </ClCompile>
    <ClCompile Include="MemoryAllocator.cpp">
      <Filter>Source Files\Utility\Allocator</Filter>
    </ClCompile>
    <ClCompile Include="StackAllocator.cpp">
      <Filter>Source Files\Utility\Allocator</Filter>
    </ClCompile>
    <ClCompile Include="PoolAllocator.cpp">
      <Filter>Source Files\Utility\Allocator</Filter>
    </ClCompile>
    <ClCompile Include="LinearAllocator.cpp">
      <Filter>Source Files\Utility\Allocator</Filter>
    </ClCompile>
    <ClCompile Include="Time.cpp">
      <Filter>Source Files\Utility\Util</Filter>
    </ClCompile>
    <ClCompile Include="DynamicLib.cpp">
      <Filter>Source Files\Utility\Util</Filter>
    </ClCompile>
    <ClCompile Include="DynamicLibManager.cpp">
      <Filter>Source Files\Utility\Util</Filter>
    </ClCompile>
    <ClCompile Include="CoreApplication.cpp">
      <Filter>Source Files\Core</Filter>
    </ClCompile>
    <ClCompile Include="Window.cpp">
      <Filter>Source Files\Core\Renderer</Filter>
    </ClCompile>
    <ClCompile Include="IComponent.cpp">
      <Filter>Source Files\Core\Component</Filter>
    </ClCompile>
    <ClCompile Include="IComponentHandler.cpp">
      <Filter>Source Files\Core\Component</Filter>
    </ClCompile>
    <ClCompile Include="Keyboard.cpp">
      <Filter>Source Files\Core\Input</Filter>
    </ClCompile>
    <ClCompile Include="Mouse.cpp">
      <Filter>Source Files\Core\Input</Filter>
    </ClCompile>
    <ClCompile Include="Joypad.cpp">
      <Filter>Source Files\Core\Input</Filter>
    </ClCompile>
    <ClCompile Include="InputHandler.cpp">
      <Filter>Source Files\Core\Input</Filter>
    </ClCompile>
    <ClCompile Include="Event.cpp">
      <Filter>Source Files\Core\Event</Filter>
    </ClCompile>
    <ClCompile Include="EventManager.cpp">
      <Filter>Source Files\Core\Event</Filter>
    </ClCompile>
    <ClCompile Include="TaskScheduler.cpp">
      <Filter>Source Files\Utility\Task</Filter>
    </ClCompile>
    <ClCompile Include="Task.cpp">
      <Filter>Source Files\Utility\Task</Filter>
    </ClCompile>
    <ClCompile Include="Worker.cpp">
      <Filter>Source Files\Utility\Task</Filter>
    </ClCompile>
    <ClCompile Include="Console.cpp">
      <Filter>Source Files\Utility\Console</Filter>
    </ClCompile>
    <ClCompile Include="TaskQueue.cpp">
      <Filter>Source Files\Utility\Task</Filter>
    </ClCompile>
    <ClCompile Include="Renderer.cpp">
      <Filter>Source Files\Core\Renderer</Filter>
    </ClCompile>
    <ClCompile Include="lib\ddstextureloader\DDSTextureLoader.cpp">
      <Filter>Source Files\Utility\Lib</Filter>
    </ClCompile>
    <ClCompile Include="Shader.cpp">
      <Filter>Source Files\Core\RenderAPI</Filter>
    </ClCompile>
    <ClCompile Include="ShaderManager.cpp">
      <Filter>Source Files\Core\RenderAPI</Filter>
    </ClCompile>
    <ClCompile Include="Device.cpp">
      <Filter>Source Files\Core\RenderAPI</Filter>
    </ClCompile>
    <ClCompile Include="RenderAPI.cpp">
      <Filter>Source Files\Core\RenderAPI</Filter>
    </ClCompile>
    <ClCompile Include="Scene.cpp">
      <Filter>Source Files\Core\Renderer\Scene</Filter>
    </ClCompile>
    <ClCompile Include="Node.cpp">
      <Filter>Source Files\Core\Renderer\Scene</Filter>
    </ClCompile>
    <ClCompile Include="Model.cpp">
      <Filter>Source Files\Core\Renderer\Model</Filter>
    </ClCompile>
    <ClCompile Include="Geometry.cpp">
      <Filter>Source Files\Core\RenderAPI</Filter>
    </ClCompile>
    <ClCompile Include="ModelLoader.cpp">
      <Filter>Source Files\Core\Renderer\Model</Filter>
    </ClCompile>
    <ClCompile Include="ModelManager.cpp">
      <Filter>Source Files\Core\Renderer\Model</Filter>
    </ClCompile>
    <ClCompile Include="Light.cpp">
      <Filter>Source Files\Core\Renderer\Light</Filter>
    </ClCompile>
    <ClCompile Include="Camera.cpp">
      <Filter>Source Files\Core\Renderer\Camera</Filter>
    </ClCompile>
    <ClCompile Include="PointLight.cpp">
      <Filter>Source Files\Core\Renderer\Light</Filter>
    </ClCompile>
    <ClCompile Include="SceneLoader.cpp">
      <Filter>Source Files\Core\Renderer\Scene</Filter>
    </ClCompile>
    <ClCompile Include="SceneManager.cpp">
      <Filter>Source Files\Core\Renderer\Scene</Filter>
    </ClCompile>
    <ClCompile Include="lib\tinyxml2\src\tinyxml2.cpp">
      <Filter>Source Files\Utility\Lib</Filter>
    </ClCompile>
    <ClCompile Include="Material.cpp">
      <Filter>Source Files\Core\Renderer\Material</Filter>
    </ClCompile>
    <ClCompile Include="Main.cpp">
      <Filter>Source Files\App</Filter>
    </ClCompile>
    <ClCompile Include="Application.cpp">
      <Filter>Source Files\App</Filter>
    </ClCompile>
    <ClCompile Include="Texture.cpp">
      <Filter>Source Files\Core\RenderAPI</Filter>
    </ClCompile>
    <ClCompile Include="TextureManager.cpp">
      <Filter>Source Files\Core\RenderAPI</Filter>
    </ClCompile>
    <ClCompile Include="Frustum.cpp">
      <Filter>Source Files\Core\Renderer\Camera</Filter>
    </ClCompile>
    <ClCompile Include="MaterialManager.cpp">
      <Filter>Source Files\Core\Renderer\Material</Filter>
    </ClCompile>
    <ClCompile Include="MathUtility.cpp">
      <Filter>Source Files\Utility\Math</Filter>
    </ClCompile>
    <ClCompile Include="AmbientLight.cpp">
      <Filter>Source Files\Core\Renderer\Light</Filter>
    </ClCompile>
    <ClCompile Include="DirectionalLight.cpp">
      <Filter>Source Files\Core\Renderer\Light</Filter>
    </ClCompile>
    <ClCompile Include="ShaderInclude.cpp">
      <Filter>Source Files\Core\RenderAPI</Filter>
    </ClCompile>
    <ClCompile Include="DefaultMaterial.cpp">
      <Filter>Source Files\App\Material</Filter>
    </ClCompile>
    <ClCompile Include="IMoveable.cpp">
      <Filter>Source Files\Core\Renderer</Filter>
    </ClCompile>
    <ClCompile Include="SpotLight.cpp">
      <Filter>Source Files\Core\Renderer\Light</Filter>
    </ClCompile>
    <ClCompile Include="FirstPersonCamera.cpp">
      <Filter>Source Files\Core\Renderer\Camera\Perspective</Filter>
    </ClCompile>
    <ClCompile Include="FlyingCamera.cpp">
      <Filter>Source Files\Core\Renderer\Camera\Perspective</Filter>
    </ClCompile>
    <ClCompile Include="ThirdPersonCamera.cpp">
      <Filter>Source Files\Core\Renderer\Camera\Perspective</Filter>
    </ClCompile>
    <ClCompile Include="OrthographicCamera.cpp">
      <Filter>Source Files\Core\Renderer\Camera\Orthographic</Filter>
    </ClCompile>
    <ClCompile Include="PerspectiveCamera.cpp">
      <Filter>Source Files\Core\Renderer\Camera\Perspective</Filter>
    </ClCompile>
    <ClCompile Include="Cube.cpp">
      <Filter>Source Files\App\Model\Primitive</Filter>
    </ClCompile>
    <ClCompile Include="Sphere.cpp">
      <Filter>Source Files\App\Model\Primitive</Filter>
    </ClCompile>
    <ClCompile Include="Plane.cpp">
      <Filter>Source Files\App\Model\Primitive</Filter>
    </ClCompile>
    <ClCompile Include="Landscape.cpp">
      <Filter>Source Files\App\Model\Primitive</Filter>
    </ClCompile>
    <ClCompile Include="CityMaterial.cpp">
      <Filter>Source Files\App\Material\City</Filter>
    </ClCompile>
    <ClCompile Include="CityModel.cpp">
      <Filter>Source Files\App\Model\City</Filter>
    </ClCompile>
    <ClCompile Include="LightModel.cpp">
      <Filter>Source Files\Core\Renderer\Light\Model</Filter>
    </ClCompile>
    <ClCompile Include="Color.cpp">
      <Filter>Source Files\Core\Color</Filter>
    </ClCompile>
    <ClCompile Include="DeferredRendering.cpp">
      <Filter>Source Files\Core\Renderer\RenderPipeline</Filter>
    </ClCompile>
    <ClCompile Include="ForwardRendering.cpp">
      <Filter>Source Files\Core\Renderer\RenderPipeline</Filter>
    </ClCompile>
    <ClCompile Include="RenderPipeline.cpp">
      <Filter>Source Files\Core\Renderer\RenderPipeline</Filter>
    </ClCompile>
    <ClCompile Include="Player.cpp">
      <Filter>Source Files\App\Model\Primitive</Filter>
    </ClCompile>
    <ClCompile Include="ICameraHandler.cpp">
      <Filter>Source Files\Core\Renderer\Camera\Handler</Filter>
    </ClCompile>
    <ClCompile Include="ThirdPersonCameraHandler.cpp">
      <Filter>Source Files\Core\Renderer\Camera\Handler</Filter>
    </ClCompile>
    <ClCompile Include="FirstPersonCameraHandler.cpp">
      <Filter>Source Files\Core\Renderer\Camera\Handler</Filter>
    </ClCompile>
    <ClCompile Include="OrthographicCameraHandler.cpp">
      <Filter>Source Files\Core\Renderer\Camera\Handler</Filter>
    </ClCompile>
  </ItemGroup>
  <ItemGroup>
    <ClInclude Include="resource.h">
      <Filter>Header Files</Filter>
    </ClInclude>
    <ClInclude Include="Error.h">
      <Filter>Header Files\Utility\Error</Filter>
    </ClInclude>
    <ClInclude Include="Log.h">
      <Filter>Header Files\Utility\Log</Filter>
    </ClInclude>
    <ClInclude Include="ForwardDeclarationUtil.h">
      <Filter>Header Files\Utility\Prerequistes</Filter>
    </ClInclude>
    <ClInclude Include="StdHeaders.h">
      <Filter>Header Files\Utility\Prerequistes</Filter>
    </ClInclude>
    <ClInclude Include="PrerequisitesUtil.h">
      <Filter>Header Files\Utility\Prerequistes</Filter>
    </ClInclude>
    <ClInclude Include="Types.h">
      <Filter>Header Files\Utility\Prerequistes</Filter>
    </ClInclude>
    <ClInclude Include="Timer.h">
      <Filter>Header Files\Utility\Util</Filter>
    </ClInclude>
    <ClInclude Include="PrerequisitesCore.h">
      <Filter>Header Files\Core</Filter>
    </ClInclude>
    <ClInclude Include="String.h">
      <Filter>Header Files\Utility\String</Filter>
    </ClInclude>
    <ClInclude Include="MemoryAllocator.h">
      <Filter>Header Files\Utility\Allocator</Filter>
    </ClInclude>
    <ClInclude Include="BasicAllocator.h">
      <Filter>Header Files\Utility\Allocator</Filter>
    </ClInclude>
    <ClInclude Include="PoolAllocator.h">
      <Filter>Header Files\Utility\Allocator</Filter>
    </ClInclude>
    <ClInclude Include="StackAllocator.h">
      <Filter>Header Files\Utility\Allocator</Filter>
    </ClInclude>
    <ClInclude Include="LinearAllocator.h">
      <Filter>Header Files\Utility\Allocator</Filter>
    </ClInclude>
    <ClInclude Include="IModule.h">
      <Filter>Header Files\Utility\Util</Filter>
    </ClInclude>
    <ClInclude Include="Time.h">
      <Filter>Header Files\Utility\Util</Filter>
    </ClInclude>
    <ClInclude Include="DynamicLib.h">
      <Filter>Header Files\Utility\Util</Filter>
    </ClInclude>
    <ClInclude Include="DynamicLibManager.h">
      <Filter>Header Files\Utility\Util</Filter>
    </ClInclude>
    <ClInclude Include="ThreadDefines.h">
      <Filter>Header Files\Utility\Threading</Filter>
    </ClInclude>
    <ClInclude Include="CoreApplication.h">
      <Filter>Header Files\Core</Filter>
    </ClInclude>
    <ClInclude Include="Window.h">
      <Filter>Header Files\Core\Renderer</Filter>
    </ClInclude>
    <ClInclude Include="IComponent.h">
      <Filter>Header Files\Core\Component</Filter>
    </ClInclude>
    <ClInclude Include="IComponentHandler.h">
      <Filter>Header Files\Core\Component</Filter>
    </ClInclude>
    <ClInclude Include="Keyboard.h">
      <Filter>Header Files\Core\Input</Filter>
    </ClInclude>
    <ClInclude Include="Mouse.h">
      <Filter>Header Files\Core\Input</Filter>
    </ClInclude>
    <ClInclude Include="InputHandler.h">
      <Filter>Header Files\Core\Input</Filter>
    </ClInclude>
    <ClInclude Include="Joypad.h">
      <Filter>Header Files\Core\Input</Filter>
    </ClInclude>
    <ClInclude Include="IUpdatable.h">
      <Filter>Header Files\Core\Renderer</Filter>
    </ClInclude>
    <ClInclude Include="IDrawable.h">
      <Filter>Header Files\Core\Renderer</Filter>
    </ClInclude>
    <ClInclude Include="Event.h">
      <Filter>Header Files\Core\Event</Filter>
    </ClInclude>
    <ClInclude Include="EventManager.h">
      <Filter>Header Files\Core\Event</Filter>
    </ClInclude>
    <ClInclude Include="TaskScheduler.h">
      <Filter>Header Files\Utility\Task</Filter>
    </ClInclude>
    <ClInclude Include="Task.h">
      <Filter>Header Files\Utility\Task</Filter>
    </ClInclude>
    <ClInclude Include="Worker.h">
      <Filter>Header Files\Utility\Task</Filter>
    </ClInclude>
    <ClInclude Include="Console.h">
      <Filter>Header Files\Utility\Console</Filter>
    </ClInclude>
    <ClInclude Include="TaskQueue.h">
      <Filter>Header Files\Utility\Task</Filter>
    </ClInclude>
    <ClInclude Include="Renderer.h">
      <Filter>Header Files\Core\Renderer</Filter>
    </ClInclude>
    <ClInclude Include="lib\ddstextureloader\DDSTextureLoader.h">
      <Filter>Header Files\Utility\Lib</Filter>
    </ClInclude>
    <ClInclude Include="Device.h">
      <Filter>Header Files\Core\RenderAPI</Filter>
    </ClInclude>
    <ClInclude Include="RenderAPI.h">
      <Filter>Header Files\Core\RenderAPI</Filter>
    </ClInclude>
    <ClInclude Include="Shader.h">
      <Filter>Header Files\Core\RenderAPI</Filter>
    </ClInclude>
    <ClInclude Include="ShaderManager.h">
      <Filter>Header Files\Core\RenderAPI</Filter>
    </ClInclude>
    <ClInclude Include="VertexDesc.h">
      <Filter>Header Files\Core\RenderAPI</Filter>
    </ClInclude>
    <ClInclude Include="Scene.h">
      <Filter>Header Files\Core\Renderer\Scene</Filter>
    </ClInclude>
    <ClInclude Include="Node.h">
      <Filter>Header Files\Core\Renderer\Scene</Filter>
    </ClInclude>
    <ClInclude Include="Model.h">
      <Filter>Header Files\Core\Renderer\Model</Filter>
    </ClInclude>
    <ClInclude Include="IEntity.h">
      <Filter>Header Files\Core\Renderer\Scene</Filter>
    </ClInclude>
    <ClInclude Include="IMoveable.h">
      <Filter>Header Files\Core\Renderer</Filter>
    </ClInclude>
    <ClInclude Include="Geometry.h">
      <Filter>Header Files\Core\RenderAPI</Filter>
    </ClInclude>
    <ClInclude Include="ModelLoader.h">
      <Filter>Header Files\Core\Renderer\Model</Filter>
    </ClInclude>
    <ClInclude Include="ModelManager.h">
      <Filter>Header Files\Core\Renderer\Model</Filter>
    </ClInclude>
    <ClInclude Include="IResourceManager.h">
      <Filter>Header Files\Core\Resources</Filter>
    </ClInclude>
    <ClInclude Include="Light.h">
      <Filter>Header Files\Core\Renderer\Light</Filter>
    </ClInclude>
    <ClInclude Include="Camera.h">
      <Filter>Header Files\Core\Renderer\Camera</Filter>
    </ClInclude>
    <ClInclude Include="PointLight.h">
      <Filter>Header Files\Core\Renderer\Light</Filter>
    </ClInclude>
    <ClInclude Include="SceneLoader.h">
      <Filter>Header Files\Core\Renderer\Scene</Filter>
    </ClInclude>
    <ClInclude Include="SceneManager.h">
      <Filter>Header Files\Core\Renderer\Scene</Filter>
    </ClInclude>
    <ClInclude Include="lib\tinyxml2\include\tinyxml2.h">
      <Filter>Header Files\Utility\Lib</Filter>
    </ClInclude>
    <ClInclude Include="Material.h">
      <Filter>Header Files\Core\Renderer\Material</Filter>
    </ClInclude>
    <ClInclude Include="Application.h">
      <Filter>Header Files\App</Filter>
    </ClInclude>
    <ClInclude Include="Texture.h">
      <Filter>Header Files\Core\RenderAPI</Filter>
    </ClInclude>
    <ClInclude Include="TextureManager.h">
      <Filter>Header Files\Core\RenderAPI</Filter>
    </ClInclude>
    <ClInclude Include="Frustum.h">
      <Filter>Header Files\Core\Renderer\Camera</Filter>
    </ClInclude>
    <ClInclude Include="MaterialManager.h">
      <Filter>Header Files\Core\Renderer\Material</Filter>
    </ClInclude>
    <ClInclude Include="MathUtility.h">
      <Filter>Header Files\Utility\Math</Filter>
    </ClInclude>
    <ClInclude Include="DirectionalLight.h">
      <Filter>Header Files\Core\Renderer\Light</Filter>
    </ClInclude>
    <ClInclude Include="AmbientLight.h">
      <Filter>Header Files\Core\Renderer\Light</Filter>
    </ClInclude>
    <ClInclude Include="ShaderInclude.h">
      <Filter>Header Files\Core\RenderAPI</Filter>
    </ClInclude>
    <ClInclude Include="DefaultMaterial.h">
      <Filter>Header Files\App\Material</Filter>
    </ClInclude>
    <ClInclude Include="SpotLight.h">
      <Filter>Header Files\Core\Renderer\Light</Filter>
    </ClInclude>
    <ClInclude Include="FirstPersonCamera.h">
      <Filter>Header Files\Core\Renderer\Camera\Perspective</Filter>
    </ClInclude>
    <ClInclude Include="FlyingCamera.h">
      <Filter>Header Files\Core\Renderer\Camera\Perspective</Filter>
    </ClInclude>
    <ClInclude Include="ThirdPersonCamera.h">
      <Filter>Header Files\Core\Renderer\Camera\Perspective</Filter>
    </ClInclude>
    <ClInclude Include="OrthographicCamera.h">
      <Filter>Header Files\Core\Renderer\Camera\Orthographic</Filter>
    </ClInclude>
    <ClInclude Include="PerspectiveCamera.h">
      <Filter>Header Files\Core\Renderer\Camera\Perspective</Filter>
    </ClInclude>
    <ClInclude Include="Cube.h">
      <Filter>Header Files\App\Model\Primitive</Filter>
    </ClInclude>
    <ClInclude Include="Landscape.h">
      <Filter>Header Files\App\Model\Primitive</Filter>
    </ClInclude>
    <ClInclude Include="Plane.h">
      <Filter>Header Files\App\Model\Primitive</Filter>
    </ClInclude>
    <ClInclude Include="Sphere.h">
      <Filter>Header Files\App\Model\Primitive</Filter>
    </ClInclude>
    <ClInclude Include="CityMaterial.h">
      <Filter>Header Files\App\Material\City</Filter>
    </ClInclude>
    <ClInclude Include="CityModel.h">
      <Filter>Header Files\App\Model\City</Filter>
    </ClInclude>
    <ClInclude Include="LightModel.h">
      <Filter>Header Files\Core\Renderer\Light\Model</Filter>
    </ClInclude>
    <ClInclude Include="Color.h">
      <Filter>Header Files\Core\Util</Filter>
    </ClInclude>
    <ClInclude Include="DeferredRendering.h">
      <Filter>Header Files\Core\Renderer\RenderPipeline</Filter>
    </ClInclude>
    <ClInclude Include="ForwardRendering.h">
      <Filter>Header Files\Core\Renderer\RenderPipeline</Filter>
    </ClInclude>
    <ClInclude Include="RenderPipeline.h">
      <Filter>Header Files\Core\Renderer\RenderPipeline</Filter>
    </ClInclude>
    <ClInclude Include="Player.h">
      <Filter>Header Files\App\Model\Primitive</Filter>
    </ClInclude>
    <ClInclude Include="ICameraHandler.h">
      <Filter>Header Files\Core\Renderer\Camera\Handler</Filter>
    </ClInclude>
    <ClInclude Include="ThirdPersonCameraHandler.h">
      <Filter>Header Files\Core\Renderer\Camera\Handler</Filter>
    </ClInclude>
    <ClInclude Include="FirstPersonCameraHandler.h">
      <Filter>Header Files\Core\Renderer\Camera\Handler</Filter>
    </ClInclude>
    <ClInclude Include="OrthographicCameraHandler.h">
      <Filter>Header Files\Core\Renderer\Camera\Handler</Filter>
    </ClInclude>
  </ItemGroup>
  <ItemGroup>
    <ResourceCompile Include="EersteGraphicEngine.rc">
      <Filter>Resource Files</Filter>
    </ResourceCompile>
  </ItemGroup>
  <ItemGroup>
    <Image Include="..\directx.ico">
      <Filter>Resource Files</Filter>
    </Image>
  </ItemGroup>
  <ItemGroup>
    <Xml Include="bin64\Data\Config\Application.xml">
      <Filter>Data\Config</Filter>
    </Xml>
    <Xml Include="bin64\Data\Config\Context.xml">
      <Filter>Data\Config</Filter>
    </Xml>
    <Xml Include="bin64\Data\Config\Keymap.xml">
      <Filter>Data\Config</Filter>
    </Xml>
    <Xml Include="bin64\Data\Config\Model.xml">
      <Filter>Data\Config</Filter>
    </Xml>
    <Xml Include="bin64\Data\Config\Render.xml">
      <Filter>Data\Config</Filter>
    </Xml>
    <Xml Include="bin64\Data\Config\Scene.xml">
      <Filter>Data\Config</Filter>
    </Xml>
    <Xml Include="bin64\Data\Config\Shader.xml">
      <Filter>Data\Config</Filter>
    </Xml>
    <Xml Include="bin64\Data\Config\Texture.xml">
      <Filter>Data\Config</Filter>
    </Xml>
    <Xml Include="bin64\Data\Scene\Default.xml">
      <Filter>Data\Scene</Filter>
    </Xml>
    <Xml Include="bin64\Data\Config\Material.xml">
      <Filter>Data\Config</Filter>
    </Xml>
  </ItemGroup>
  <ItemGroup>
    <FxCompile Include="bin64\Data\Shader\Color\Color_VS.hlsl">
      <Filter>Data\Shader\Color</Filter>
    </FxCompile>
    <FxCompile Include="bin64\Data\Shader\Color\Color_PS.hlsl">
      <Filter>Data\Shader\Color</Filter>
    </FxCompile>
  </ItemGroup>
  <ItemGroup>
    <None Include="bin64\Data\Shader\Color\Include\Common.hlsli">
      <Filter>Data\Shader\Color\Include</Filter>
    </None>
  </ItemGroup>
</Project>