
Microsoft Visual Studio Solution File, Format Version 12.00
# Visual Studio 15
VisualStudioVersion = 15.0.27130.2027
MinimumVisualStudioVersion = 10.0.40219.1
Project("{8BC9CEB8-8B4A-11D0-8D11-00A0C91BC942}") = "EersteGraphicEngine", "EersteGraphicEngine\EersteGraphicEngineWin7.vcxproj", "{78CBA3A1-DB54-4280-82D2-5B71E3719328}"
EndProject
Global
	GlobalSection(SolutionConfigurationPlatforms) = preSolution
		Debug|x64 = Debug|x64
		Debug|x86 = Debug|x86
		Release|x64 = Release|x64
		Release|x86 = Release|x86
	EndGlobalSection
	GlobalSection(ProjectConfigurationPlatforms) = postSolution
		{78CBA3A1-DB54-4280-82D2-5B71E3719328}.Debug|x64.ActiveCfg = Debug|x64
		{78CBA3A1-DB54-4280-82D2-5B71E3719328}.Debug|x64.Build.0 = Debug|x64
		{78CBA3A1-DB54-4280-82D2-5B71E3719328}.Debug|x86.ActiveCfg = Debug|Win32
		{78CBA3A1-DB54-4280-82D2-5B71E3719328}.Debug|x86.Build.0 = Debug|Win32
		{78CBA3A1-DB54-4280-82D2-5B71E3719328}.Release|x64.ActiveCfg = Release|x64
		{78CBA3A1-DB54-4280-82D2-5B71E3719328}.Release|x64.Build.0 = Release|x64
		{78CBA3A1-DB54-4280-82D2-5B71E3719328}.Release|x86.ActiveCfg = Release|Win32
		{78CBA3A1-DB54-4280-82D2-5B71E3719328}.Release|x86.Build.0 = Release|Win32
	EndGlobalSection
	GlobalSection(SolutionProperties) = preSolution
		HideSolutionNode = FALSE
	EndGlobalSection
	GlobalSection(ExtensibilityGlobals) = postSolution
		SolutionGuid = {3675435F-9F48-4F54-A628-C27DB22301E4}
	EndGlobalSection
EndGlobal
